{
  "lockfileVersion": 1,
  "configVersion": 1,
  "workspaces": {
    "": {
      "name": "client",
      "dependencies": {
        "@codama/renderers-js": "^1.5.5",
        "@lightprotocol/stateless.js": "0.22.1-alpha.1",
        "@noble/ciphers": "^2.1.1",
        "@noble/curves": "^2.0.1",
        "@noble/hashes": "^2.0.1",
        "@solana/compat": "^5.1.0",
        "@solana/kit": "^5.1.0",
        "@solana/web3.js": "^1.98.4",
      },
      "devDependencies": {
        "@types/bun": "latest",
      },
      "peerDependencies": {
        "typescript": "^5",
      },
    },
  },
  "packages": {
    "@babel/runtime": ["@babel/runtime@7.28.4", "", {}, "sha512-Q/N6JNWvIvPnLDvjlE1OUBLPQHH6l3CltCEsHIujp45zQUSSh8K+gHnaEX45yAT1nyngnINhvWtzN+Nb9D8RAQ=="],

    "@codama/errors": ["@codama/errors@1.5.0", "", { "dependencies": { "@codama/node-types": "1.5.0", "commander": "^14.0.2", "picocolors": "^1.1.1" }, "bin": { "errors": "bin/cli.cjs" } }, "sha512-i4cS+S7JaZXhofQHFY3cwzt8rqxUVPNaeJND5VOyKUbtcOi933YXJXk52gDG4mc+CpGqHJijsJjfSpr1lJGxzg=="],

    "@codama/node-types": ["@codama/node-types@1.5.0", "", {}, "sha512-Ebz2vOUukmNaFXWdkni1ZihXkAIUnPYtqIMXYxKXOxjMP+TGz2q0lGtRo7sqw1pc2ksFBIkfBp5pZsl5p6gwXA=="],

    "@codama/nodes": ["@codama/nodes@1.5.0", "", { "dependencies": { "@codama/errors": "1.5.0", "@codama/node-types": "1.5.0" } }, "sha512-yg+xmorWiMNjS3n19CGIt/FZ/ZCuDIu+HEY45bq6gHu1MN3RtJZY+Q3v0ErnBPA60D8mNWkvkKoeSZXfzcAvfw=="],

    "@codama/renderers-core": ["@codama/renderers-core@1.3.5", "", { "dependencies": { "@codama/errors": "1.5.0", "@codama/nodes": "1.5.0", "@codama/visitors-core": "1.5.0" } }, "sha512-MuZLU+3LZPQb1HuZffwZl+v5JHQDe5LYHGhA1wTMNlwRedYIysSxBjogHNciNIHsKP3JjmqyYmLO5LCEp3hjaQ=="],

    "@codama/renderers-js": ["@codama/renderers-js@1.5.5", "", { "dependencies": { "@codama/errors": "^1.4.4", "@codama/nodes": "^1.4.4", "@codama/renderers-core": "^1.3.4", "@codama/visitors-core": "^1.4.4", "@solana/codecs-strings": "^5.0.0", "prettier": "^3.6.2", "semver": "^7.7.3" } }, "sha512-zYVw8KGRHFzrpPKAv8PJI1pMy28qc/iEMspMC6Iw915Vsg0od75FUmUhDAvrTwgc28oyCmlrsWv6BNON4AKmqQ=="],

    "@codama/visitors-core": ["@codama/visitors-core@1.5.0", "", { "dependencies": { "@codama/errors": "1.5.0", "@codama/nodes": "1.5.0", "json-stable-stringify": "^1.3.0" } }, "sha512-3PIAlBX0a06hIxzyPtQMfQcqWGFBgfbwysSwcXBbvHUYbemwhD6xwlBKJuqTwm9DyFj3faStp5fpvcp03Rjxtw=="],

    "@coral-xyz/borsh": ["@coral-xyz/borsh@0.29.0", "", { "dependencies": { "bn.js": "^5.1.2", "buffer-layout": "^1.2.0" }, "peerDependencies": { "@solana/web3.js": "^1.68.0" } }, "sha512-s7VFVa3a0oqpkuRloWVPdCK7hMbAMY270geZOGfCnaqexrP5dTIpbEHL33req6IYPPJ0hYa71cdvJ1h6V55/oQ=="],

    "@lightprotocol/stateless.js": ["@lightprotocol/stateless.js@0.22.1-alpha.1", "", { "dependencies": { "@coral-xyz/borsh": "^0.29.0", "@noble/hashes": "1.5.0", "bn.js": "^5.2.1", "bs58": "^6.0.0", "buffer": "6.0.3", "buffer-layout": "^1.2.2", "camelcase": "^8.0.0", "camelcase-keys": "^9.1.3", "superstruct": "2.0.2" }, "peerDependencies": { "@solana/web3.js": ">=1.73.5" } }, "sha512-r0AyafXHKVrTByp4tXJrg10b6NM/yubPgr1wcfhkbZ7R7DjLZRhiX/CnVAyKhtJyYByuVwiyqEFd/6wupxxVpA=="],

    "@noble/ciphers": ["@noble/ciphers@2.1.1", "", {}, "sha512-bysYuiVfhxNJuldNXlFEitTVdNnYUc+XNJZd7Qm2a5j1vZHgY+fazadNFWFaMK/2vye0JVlxV3gHmC0WDfAOQw=="],

    "@noble/curves": ["@noble/curves@2.0.1", "", { "dependencies": { "@noble/hashes": "2.0.1" } }, "sha512-vs1Az2OOTBiP4q0pwjW5aF0xp9n4MxVrmkFBxc6EKZc6ddYx5gaZiAsZoq0uRRXWbi3AT/sBqn05eRPtn1JCPw=="],

    "@noble/hashes": ["@noble/hashes@2.0.1", "", {}, "sha512-XlOlEbQcE9fmuXxrVTXCTlG2nlRXa9Rj3rr5Ue/+tX+nmkgbX720YHh0VR3hBF9xDvwnb8D2shVGOwNx+ulArw=="],

    "@solana/accounts": ["@solana/accounts@5.1.0", "", { "dependencies": { "@solana/addresses": "5.1.0", "@solana/codecs-core": "5.1.0", "@solana/codecs-strings": "5.1.0", "@solana/errors": "5.1.0", "@solana/rpc-spec": "5.1.0", "@solana/rpc-types": "5.1.0" }, "peerDependencies": { "typescript": ">=5.3.3" } }, "sha512-Q1KzykCrl/YjLUH2RXF8vPq65U/ehAV2SHZicPbZ0jvgQUU6X1+Eca+0ilxA9xH8srYn3YTVDyEs/LYdfbY/2A=="],

    "@solana/addresses": ["@solana/addresses@5.1.0", "", { "dependencies": { "@solana/assertions": "5.1.0", "@solana/codecs-core": "5.1.0", "@solana/codecs-strings": "5.1.0", "@solana/errors": "5.1.0", "@solana/nominal-types": "5.1.0" }, "peerDependencies": { "typescript": ">=5.3.3" } }, "sha512-X84qSZLgve9YeYsyxGI49WnfEre53tdFu4x9/4oULBgoj8d0A+P9VGLYzmRJ0YFYKRcZG7U4u3MQpI5uLZ1AsQ=="],

    "@solana/assertions": ["@solana/assertions@5.1.0", "", { "dependencies": { "@solana/errors": "5.1.0" }, "peerDependencies": { "typescript": ">=5.3.3" } }, "sha512-5But2wyxuvGXMIOnD0jBMQ9yq1QQF2LSK3IbIRSkAkXbD3DS6O2tRvKUHNhogd+BpkPyCGOQHBycezgnxmStlg=="],

    "@solana/buffer-layout": ["@solana/buffer-layout@4.0.1", "", { "dependencies": { "buffer": "~6.0.3" } }, "sha512-E1ImOIAD1tBZFRdjeM4/pzTiTApC0AOBGwyAMS4fwIodCWArzJ3DWdoh8cKxeFM2fElkxBh2Aqts1BPC373rHA=="],

    "@solana/codecs": ["@solana/codecs@5.1.0", "", { "dependencies": { "@solana/codecs-core": "5.1.0", "@solana/codecs-data-structures": "5.1.0", "@solana/codecs-numbers": "5.1.0", "@solana/codecs-strings": "5.1.0", "@solana/options": "5.1.0" }, "peerDependencies": { "typescript": ">=5.3.3" } }, "sha512-krSuf/E2Sa/4oASZ/jb/5KGUG58m1/bQdLrKvBnoAFhYj7zZf+8V4UqHGTV5n2NCQfmMyORsg9n2saKjkUzo8w=="],

    "@solana/codecs-core": ["@solana/codecs-core@5.1.0", "", { "dependencies": { "@solana/errors": "5.1.0" }, "peerDependencies": { "typescript": ">=5.3.3" } }, "sha512-vDwi03mxWeWCS5Il6BCdNdifYdOoHVz97YOmbWGIt45b77Ivu5NUYeSD2+ccl6fSw8eYQ6QaqqKXMjbSfsXv4g=="],

    "@solana/codecs-data-structures": ["@solana/codecs-data-structures@5.1.0", "", { "dependencies": { "@solana/codecs-core": "5.1.0", "@solana/codecs-numbers": "5.1.0", "@solana/errors": "5.1.0" }, "peerDependencies": { "typescript": ">=5.3.3" } }, "sha512-ftAwL/jsurFrk9kFVhkTLdQ8fGZ8I0PcbVH+V1a0dIP2aKDofGePvK0XbwZE/ohizC9gEIZxyBX5IgRKk5PXyg=="],

    "@solana/codecs-numbers": ["@solana/codecs-numbers@2.3.0", "", { "dependencies": { "@solana/codecs-core": "2.3.0", "@solana/errors": "2.3.0" }, "peerDependencies": { "typescript": ">=5.3.3" } }, "sha512-jFvvwKJKffvG7Iz9dmN51OGB7JBcy2CJ6Xf3NqD/VP90xak66m/Lg48T01u5IQ/hc15mChVHiBm+HHuOFDUrQg=="],

    "@solana/codecs-strings": ["@solana/codecs-strings@5.1.0", "", { "dependencies": { "@solana/codecs-core": "5.1.0", "@solana/codecs-numbers": "5.1.0", "@solana/errors": "5.1.0" }, "peerDependencies": { "fastestsmallesttextencoderdecoder": "^1.0.22", "typescript": ">=5.3.3" }, "optionalPeers": ["fastestsmallesttextencoderdecoder"] }, "sha512-014xwl5T/3VnGW0gceizF47DUs5EURRtgGmbWIR5+Z32yxgQ6hT9Zl0atZbL268RHbUQ03/J8Ush1StQgy7sfQ=="],

    "@solana/compat": ["@solana/compat@5.1.0", "", { "dependencies": { "@solana/addresses": "5.1.0", "@solana/codecs-core": "5.1.0", "@solana/errors": "5.1.0", "@solana/instructions": "5.1.0", "@solana/keys": "5.1.0", "@solana/transactions": "5.1.0" }, "peerDependencies": { "typescript": ">=5.3.3" } }, "sha512-9K9KrmgHa19p2RALjDCcaVnqwqnh636Jgrh6UkOcdwJylIeFwc4cZTyMbGh05t6PUJVT6ilUc56a2ifypMc5Tw=="],

    "@solana/errors": ["@solana/errors@5.1.0", "", { "dependencies": { "chalk": "5.6.2", "commander": "14.0.2" }, "peerDependencies": { "typescript": ">=5.3.3" }, "bin": { "errors": "bin/cli.mjs" } }, "sha512-JlTyekErWa6Fdcwu1Hrh+jZxjM4YxyorGCFDRVZlmHZFkp5N00DWKcYnSGZrTF8E6ZZEP9pfS2XwM8y7p7HPww=="],

    "@solana/fast-stable-stringify": ["@solana/fast-stable-stringify@5.1.0", "", { "peerDependencies": { "typescript": ">=5.3.3" } }, "sha512-ACZo7cH/5EXsBmruw/0gU2/PXL2l4aET0YpL93H6QEaZwEAICFD8cLkj20nBcfLTf4srEiuKtwuSDeONTWIulw=="],

    "@solana/functional": ["@solana/functional@5.1.0", "", { "peerDependencies": { "typescript": ">=5.3.3" } }, "sha512-R6jacWU0Gr+j49lTDp+FSECBolqw2Gq7JlC22rI0JkcxJiiAlp3G80v6zAYq0FkHzxZbjyR6//JYUXSwliem5g=="],

    "@solana/instruction-plans": ["@solana/instruction-plans@5.1.0", "", { "dependencies": { "@solana/errors": "5.1.0", "@solana/instructions": "5.1.0", "@solana/keys": "5.1.0", "@solana/promises": "5.1.0", "@solana/transaction-messages": "5.1.0", "@solana/transactions": "5.1.0" }, "peerDependencies": { "typescript": ">=5.3.3" } }, "sha512-friMgHt0z5jQlCyyTDXfwAMYjCAagI7QYR+hLWB/BmvSuRpai0ddToWbWJoqrNRM312xZ+Oy/qjC3+Ftzi0DLA=="],

    "@solana/instructions": ["@solana/instructions@5.1.0", "", { "dependencies": { "@solana/codecs-core": "5.1.0", "@solana/errors": "5.1.0" }, "peerDependencies": { "typescript": ">=5.3.3" } }, "sha512-fkwpUwwqk5K14T/kZDnCrfeR0kww49HBx+BK8xdSeJx+bt4QTwAHa9YeOkGhGrHEFVEJEUf8FKoxxTzZzJZtKQ=="],

    "@solana/keys": ["@solana/keys@5.1.0", "", { "dependencies": { "@solana/assertions": "5.1.0", "@solana/codecs-core": "5.1.0", "@solana/codecs-strings": "5.1.0", "@solana/errors": "5.1.0", "@solana/nominal-types": "5.1.0" }, "peerDependencies": { "typescript": ">=5.3.3" } }, "sha512-ma4zTTuSOmtTCvATHMfUGNTw0Vqah/6XPe1VmLc66ohwXMI3yqatX1FQPXgDZozr15SvLAesfs7/bgl2TRoe9w=="],

    "@solana/kit": ["@solana/kit@5.1.0", "", { "dependencies": { "@solana/accounts": "5.1.0", "@solana/addresses": "5.1.0", "@solana/codecs": "5.1.0", "@solana/errors": "5.1.0", "@solana/functional": "5.1.0", "@solana/instruction-plans": "5.1.0", "@solana/instructions": "5.1.0", "@solana/keys": "5.1.0", "@solana/offchain-messages": "5.1.0", "@solana/programs": "5.1.0", "@solana/rpc": "5.1.0", "@solana/rpc-parsed-types": "5.1.0", "@solana/rpc-spec-types": "5.1.0", "@solana/rpc-subscriptions": "5.1.0", "@solana/rpc-types": "5.1.0", "@solana/signers": "5.1.0", "@solana/sysvars": "5.1.0", "@solana/transaction-confirmation": "5.1.0", "@solana/transaction-messages": "5.1.0", "@solana/transactions": "5.1.0" }, "peerDependencies": { "typescript": ">=5.3.3" } }, "sha512-oNQRzI0+mGWmXy05psO0J7r9Boy8PF7LH5H0Y9Jxvs10AbG4oSOBtyj20EccsRrr+jkqLw42fqb/4rNuASfvsA=="],

    "@solana/nominal-types": ["@solana/nominal-types@5.1.0", "", { "peerDependencies": { "typescript": ">=5.3.3" } }, "sha512-+4Cm+SpK+D811i9giqv4Up93ZlmUcZfLDHkSH24F4in61+Y2TKA+XKuRtKhNytQMmqCfbvJZ9MHFaIeZw5g+Bg=="],

    "@solana/offchain-messages": ["@solana/offchain-messages@5.1.0", "", { "dependencies": { "@solana/addresses": "5.1.0", "@solana/codecs-core": "5.1.0", "@solana/codecs-data-structures": "5.1.0", "@solana/codecs-numbers": "5.1.0", "@solana/codecs-strings": "5.1.0", "@solana/errors": "5.1.0", "@solana/keys": "5.1.0", "@solana/nominal-types": "5.1.0" }, "peerDependencies": { "typescript": ">=5.3.3" } }, "sha512-6FUXjiIJprjWa7y/T4E3rUb3HKi3P5zpBweBEwDflEEJ/QlieWUw7xlGAOvZ1eF3Wi+6LfcrdtZOwIkuv6o9Sg=="],

    "@solana/options": ["@solana/options@5.1.0", "", { "dependencies": { "@solana/codecs-core": "5.1.0", "@solana/codecs-data-structures": "5.1.0", "@solana/codecs-numbers": "5.1.0", "@solana/codecs-strings": "5.1.0", "@solana/errors": "5.1.0" }, "peerDependencies": { "typescript": ">=5.3.3" } }, "sha512-PqgfALd0yhK+QFaYIbRFTV6hBpiy5xwdu07zSw1RLoNvt1sg+MRsRFDk9R8ZdEdiM69PY/cKiClVSjpNzLLcJg=="],

    "@solana/programs": ["@solana/programs@5.1.0", "", { "dependencies": { "@solana/addresses": "5.1.0", "@solana/errors": "5.1.0" }, "peerDependencies": { "typescript": ">=5.3.3" } }, "sha512-zAghXyRGixWNcarShlrnpjMD2115BZTF9JMLIcgkCYDOwjDPFIB/Y0hwDCH87N5uSjzlgkDpxKEL4ILewoZTRQ=="],

    "@solana/promises": ["@solana/promises@5.1.0", "", { "peerDependencies": { "typescript": ">=5.3.3" } }, "sha512-LU9wwS1PvGc/It610dclfq+JCuUEZSIWjvaF0+sqMP7QCk12Uz7MK2m9TtvLcjTvvKTIrucglRZP6qKroWRqGg=="],

    "@solana/rpc": ["@solana/rpc@5.1.0", "", { "dependencies": { "@solana/errors": "5.1.0", "@solana/fast-stable-stringify": "5.1.0", "@solana/functional": "5.1.0", "@solana/rpc-api": "5.1.0", "@solana/rpc-spec": "5.1.0", "@solana/rpc-spec-types": "5.1.0", "@solana/rpc-transformers": "5.1.0", "@solana/rpc-transport-http": "5.1.0", "@solana/rpc-types": "5.1.0" }, "peerDependencies": { "typescript": ">=5.3.3" } }, "sha512-j+ByLxFCoHWw9TnsGzkAVMFUfBDIUE53nIosJAYEsERpImD2mjwc33uDE6YXLKoaKRoYO4tc7IUzkKY1fQp/CA=="],

    "@solana/rpc-api": ["@solana/rpc-api@5.1.0", "", { "dependencies": { "@solana/addresses": "5.1.0", "@solana/codecs-core": "5.1.0", "@solana/codecs-strings": "5.1.0", "@solana/errors": "5.1.0", "@solana/keys": "5.1.0", "@solana/rpc-parsed-types": "5.1.0", "@solana/rpc-spec": "5.1.0", "@solana/rpc-transformers": "5.1.0", "@solana/rpc-types": "5.1.0", "@solana/transaction-messages": "5.1.0", "@solana/transactions": "5.1.0" }, "peerDependencies": { "typescript": ">=5.3.3" } }, "sha512-eI1tY0i3gmih1C65gFECYbfPRpHEYqFp+9IKjpknZtYpQIe9BqBKSpfYpGiCAbKdN/TMadBNPOzdK15ewhkkvQ=="],

    "@solana/rpc-parsed-types": ["@solana/rpc-parsed-types@5.1.0", "", { "peerDependencies": { "typescript": ">=5.3.3" } }, "sha512-ZJoXHNItALMNa1zmGrNnIh96RBlc9GpIqoaZkdE14mAQ7gWe7Oc0ejYavUeSCmcL0wZcvIFh50AsfVxrHr4+2Q=="],

    "@solana/rpc-spec": ["@solana/rpc-spec@5.1.0", "", { "dependencies": { "@solana/errors": "5.1.0", "@solana/rpc-spec-types": "5.1.0" }, "peerDependencies": { "typescript": ">=5.3.3" } }, "sha512-y8B6fUWA1EBKXUsNo6b9EiFcQPsaJREPLlcIDbo4b6TucQNwvl7FHfpf1VHJL64SkI/WE69i2WEkiOJYjmLO0A=="],

    "@solana/rpc-spec-types": ["@solana/rpc-spec-types@5.1.0", "", { "peerDependencies": { "typescript": ">=5.3.3" } }, "sha512-B8/WyjmHpC34vXtAmTpZyPwRCm7WwoSkmjBcBouaaY1uilJ9+Wp2nptbq2cJyWairOoMSoI7v5kvvnrJuquq4Q=="],

    "@solana/rpc-subscriptions": ["@solana/rpc-subscriptions@5.1.0", "", { "dependencies": { "@solana/errors": "5.1.0", "@solana/fast-stable-stringify": "5.1.0", "@solana/functional": "5.1.0", "@solana/promises": "5.1.0", "@solana/rpc-spec-types": "5.1.0", "@solana/rpc-subscriptions-api": "5.1.0", "@solana/rpc-subscriptions-channel-websocket": "5.1.0", "@solana/rpc-subscriptions-spec": "5.1.0", "@solana/rpc-transformers": "5.1.0", "@solana/rpc-types": "5.1.0", "@solana/subscribable": "5.1.0" }, "peerDependencies": { "typescript": ">=5.3.3" } }, "sha512-u/mafVzBbdqvYDD7x/98T5/5xk4Bl2C/90TaHiKx7FmutVC/H4QsritPTY0v9JG1dOVWbgIfUgfZ0C0DPkiYnA=="],

    "@solana/rpc-subscriptions-api": ["@solana/rpc-subscriptions-api@5.1.0", "", { "dependencies": { "@solana/addresses": "5.1.0", "@solana/keys": "5.1.0", "@solana/rpc-subscriptions-spec": "5.1.0", "@solana/rpc-transformers": "5.1.0", "@solana/rpc-types": "5.1.0", "@solana/transaction-messages": "5.1.0", "@solana/transactions": "5.1.0" }, "peerDependencies": { "typescript": ">=5.3.3" } }, "sha512-84e2AsgqAGiVloW3G4RzpHPkInknu3rEuFPut2/69eq3Ab97TiTz2s5kc9gJpprtGM+xbgnIfeuGqr5F+2bXQA=="],

    "@solana/rpc-subscriptions-channel-websocket": ["@solana/rpc-subscriptions-channel-websocket@5.1.0", "", { "dependencies": { "@solana/errors": "5.1.0", "@solana/functional": "5.1.0", "@solana/rpc-subscriptions-spec": "5.1.0", "@solana/subscribable": "5.1.0" }, "peerDependencies": { "typescript": ">=5.3.3", "ws": "^8.18.0" }, "optionalPeers": ["ws"] }, "sha512-FzAEmHzXtlckNn7T/1dzDS7r5HmekYPstrtZKjDcVxuGMVBUkZTnb69t7EJvKNuKw1wYZEUd0EEegtC2K/9dZA=="],

    "@solana/rpc-subscriptions-spec": ["@solana/rpc-subscriptions-spec@5.1.0", "", { "dependencies": { "@solana/errors": "5.1.0", "@solana/promises": "5.1.0", "@solana/rpc-spec-types": "5.1.0", "@solana/subscribable": "5.1.0" }, "peerDependencies": { "typescript": ">=5.3.3" } }, "sha512-ORfjKtainnYisql6z4YsXByVwY8/rWsedVWn5oe/V7Og9LyetTM7hwJ8FbUdRDZwyLlUrI0cEE1aG+3ma/8tPw=="],

    "@solana/rpc-transformers": ["@solana/rpc-transformers@5.1.0", "", { "dependencies": { "@solana/errors": "5.1.0", "@solana/functional": "5.1.0", "@solana/nominal-types": "5.1.0", "@solana/rpc-spec-types": "5.1.0", "@solana/rpc-types": "5.1.0" }, "peerDependencies": { "typescript": ">=5.3.3" } }, "sha512-6v93xi/ewGS/xEiSktNQ0bh0Uiv1/q9nR5oiFMn3BiAJRC+FdMRMxCjp6H+/Tua7wdhpClaPKrZYBQHoIp59tw=="],

    "@solana/rpc-transport-http": ["@solana/rpc-transport-http@5.1.0", "", { "dependencies": { "@solana/errors": "5.1.0", "@solana/rpc-spec": "5.1.0", "@solana/rpc-spec-types": "5.1.0", "undici-types": "^7.16.0" }, "peerDependencies": { "typescript": ">=5.3.3" } }, "sha512-XoGX+2n/iXzoGb3Xrltbx8avnzp15vCfCGXuZpQWFL+xUg3P4CGl217XyDGjS5VxuUml+f/30xzWl18RaAIEcw=="],

    "@solana/rpc-types": ["@solana/rpc-types@5.1.0", "", { "dependencies": { "@solana/addresses": "5.1.0", "@solana/codecs-core": "5.1.0", "@solana/codecs-numbers": "5.1.0", "@solana/codecs-strings": "5.1.0", "@solana/errors": "5.1.0", "@solana/nominal-types": "5.1.0" }, "peerDependencies": { "typescript": ">=5.3.3" } }, "sha512-Rnpt5BuHQvnULPNXUC/yRqB+7iPbon95CSCeyRvPj5tJ4fx2JibvX3s/UEoud5vC+kRjPi/R0BGJ8XFvd3eDWg=="],

    "@solana/signers": ["@solana/signers@5.1.0", "", { "dependencies": { "@solana/addresses": "5.1.0", "@solana/codecs-core": "5.1.0", "@solana/errors": "5.1.0", "@solana/instructions": "5.1.0", "@solana/keys": "5.1.0", "@solana/nominal-types": "5.1.0", "@solana/offchain-messages": "5.1.0", "@solana/transaction-messages": "5.1.0", "@solana/transactions": "5.1.0" }, "peerDependencies": { "typescript": ">=5.3.3" } }, "sha512-B8xO0SGN1ZWYfJROL+da3id279qNbXbXoqud+AuT5gur51RrS4YhNkTQ6khVbGtAOpPMAhkoZN0jnfCC1r33jQ=="],

    "@solana/subscribable": ["@solana/subscribable@5.1.0", "", { "dependencies": { "@solana/errors": "5.1.0" }, "peerDependencies": { "typescript": ">=5.3.3" } }, "sha512-OeW5AJwKzHh18+PIPtghuuPJTmEep2Mhb3Lsrq4alas4fibmMGkr39z1HXxVF6l6e2lu/YGhHIDtuhouWmY7ow=="],

    "@solana/sysvars": ["@solana/sysvars@5.1.0", "", { "dependencies": { "@solana/accounts": "5.1.0", "@solana/codecs": "5.1.0", "@solana/errors": "5.1.0", "@solana/rpc-types": "5.1.0" }, "peerDependencies": { "typescript": ">=5.3.3" } }, "sha512-FJ9YIsLTAaajnOrYEYn54znstXJsvKndRhyCrlyiAEN1IXHw5HtZHploLF3ZZ78b7YU3uv3tFJMziXFBwPOn4Q=="],

    "@solana/transaction-confirmation": ["@solana/transaction-confirmation@5.1.0", "", { "dependencies": { "@solana/addresses": "5.1.0", "@solana/codecs-strings": "5.1.0", "@solana/errors": "5.1.0", "@solana/keys": "5.1.0", "@solana/promises": "5.1.0", "@solana/rpc": "5.1.0", "@solana/rpc-subscriptions": "5.1.0", "@solana/rpc-types": "5.1.0", "@solana/transaction-messages": "5.1.0", "@solana/transactions": "5.1.0" }, "peerDependencies": { "typescript": ">=5.3.3" } }, "sha512-6HnL0uH8tWZXJVuaoeTbCQp/FS11Bsc4GSlq+k0N21GdhTbFuqBhsxlAYWbzPWs9+/kYRGHqqXvBPCReWxT7BA=="],

    "@solana/transaction-messages": ["@solana/transaction-messages@5.1.0", "", { "dependencies": { "@solana/addresses": "5.1.0", "@solana/codecs-core": "5.1.0", "@solana/codecs-data-structures": "5.1.0", "@solana/codecs-numbers": "5.1.0", "@solana/errors": "5.1.0", "@solana/functional": "5.1.0", "@solana/instructions": "5.1.0", "@solana/nominal-types": "5.1.0", "@solana/rpc-types": "5.1.0" }, "peerDependencies": { "typescript": ">=5.3.3" } }, "sha512-9rNV2YJhd85WIMvnwa/vUY4xUw3ZTU17jP1KDo/fFZWk55a0ov0ATJJPyC5HAR1i6hT1cmJzGH/UHhnD9m/Q3w=="],

    "@solana/transactions": ["@solana/transactions@5.1.0", "", { "dependencies": { "@solana/addresses": "5.1.0", "@solana/codecs-core": "5.1.0", "@solana/codecs-data-structures": "5.1.0", "@solana/codecs-numbers": "5.1.0", "@solana/codecs-strings": "5.1.0", "@solana/errors": "5.1.0", "@solana/functional": "5.1.0", "@solana/instructions": "5.1.0", "@solana/keys": "5.1.0", "@solana/nominal-types": "5.1.0", "@solana/rpc-types": "5.1.0", "@solana/transaction-messages": "5.1.0" }, "peerDependencies": { "typescript": ">=5.3.3" } }, "sha512-06JwSPtz+38ozNgpysAXS2eTMPQCufIisXB6K88X8J4GF8ziqs4nkq0BpXAXn+MpZTkuMt+JeW2RxP3HKhXe5g=="],

    "@solana/web3.js": ["@solana/web3.js@1.98.4", "", { "dependencies": { "@babel/runtime": "^7.25.0", "@noble/curves": "^1.4.2", "@noble/hashes": "^1.4.0", "@solana/buffer-layout": "^4.0.1", "@solana/codecs-numbers": "^2.1.0", "agentkeepalive": "^4.5.0", "bn.js": "^5.2.1", "borsh": "^0.7.0", "bs58": "^4.0.1", "buffer": "6.0.3", "fast-stable-stringify": "^1.0.0", "jayson": "^4.1.1", "node-fetch": "^2.7.0", "rpc-websockets": "^9.0.2", "superstruct": "^2.0.2" } }, "sha512-vv9lfnvjUsRiq//+j5pBdXig0IQdtzA0BRZ3bXEP4KaIyF1CcaydWqgyzQgfZMNIsWNWmG+AUHwPy4AHOD6gpw=="],

    "@swc/helpers": ["@swc/helpers@0.5.17", "", { "dependencies": { "tslib": "^2.8.0" } }, "sha512-5IKx/Y13RsYd+sauPb2x+U/xZikHjolzfuDgTAl/Tdf3Q8rslRvC19NKDLgAJQ6wsqADk10ntlv08nPFw/gO/A=="],

    "@types/bun": ["@types/bun@1.3.4", "", { "dependencies": { "bun-types": "1.3.4" } }, "sha512-EEPTKXHP+zKGPkhRLv+HI0UEX8/o+65hqARxLy8Ov5rIxMBPNTjeZww00CIihrIQGEQBYg+0roO5qOnS/7boGA=="],

    "@types/connect": ["@types/connect@3.4.38", "", { "dependencies": { "@types/node": "*" } }, "sha512-K6uROf1LD88uDQqJCktA4yzL1YYAK6NgfsI0v/mTgyPKWsX1CnJ0XPSDhViejru1GcRkLWb8RlzFYJRqGUbaug=="],

    "@types/node": ["@types/node@25.0.3", "", { "dependencies": { "undici-types": "~7.16.0" } }, "sha512-W609buLVRVmeW693xKfzHeIV6nJGGz98uCPfeXI1ELMLXVeKYZ9m15fAMSaUPBHYLGFsVRcMmSCksQOrZV9BYA=="],

    "@types/uuid": ["@types/uuid@8.3.4", "", {}, "sha512-c/I8ZRb51j+pYGAu5CrFMRxqZ2ke4y2grEBO5AUjgSkSk+qT2Ea+OdWElz/OiMf5MNpn2b17kuVBwZLQJXzihw=="],

    "@types/ws": ["@types/ws@7.4.7", "", { "dependencies": { "@types/node": "*" } }, "sha512-JQbbmxZTZehdc2iszGKs5oC3NFnjeay7mtAWrdt7qNtAVK0g19muApzAy4bm9byz79xa2ZnO/BOBC2R8RC5Lww=="],

    "agentkeepalive": ["agentkeepalive@4.6.0", "", { "dependencies": { "humanize-ms": "^1.2.1" } }, "sha512-kja8j7PjmncONqaTsB8fQ+wE2mSU2DJ9D4XKoJ5PFWIdRMa6SLSN1ff4mOr4jCbfRSsxR4keIiySJU0N9T5hIQ=="],

    "base-x": ["base-x@5.0.1", "", {}, "sha512-M7uio8Zt++eg3jPj+rHMfCC+IuygQHHCOU+IYsVtik6FWjuYpVt/+MRKcgsAMHh8mMFAwnB+Bs+mTrFiXjMzKg=="],

    "base64-js": ["base64-js@1.5.1", "", {}, "sha512-AKpaYlHn8t4SVbOHCy+b5+KKgvR4vrsD8vbvrbiQJps7fKDTkjkDry6ji0rUJjC0kzbNePLwzxq8iypo41qeWA=="],

    "bn.js": ["bn.js@5.2.2", "", {}, "sha512-v2YAxEmKaBLahNwE1mjp4WON6huMNeuDvagFZW+ASCuA/ku0bXR9hSMw0XpiqMoA3+rmnyck/tPRSFQkoC9Cuw=="],

    "borsh": ["borsh@0.7.0", "", { "dependencies": { "bn.js": "^5.2.0", "bs58": "^4.0.0", "text-encoding-utf-8": "^1.0.2" } }, "sha512-CLCsZGIBCFnPtkNnieW/a8wmreDmfUtjU2m9yHrzPXIlNbqVs0AQrSatSG6vdNYUqdc83tkQi2eHfF98ubzQLA=="],

    "bs58": ["bs58@6.0.0", "", { "dependencies": { "base-x": "^5.0.0" } }, "sha512-PD0wEnEYg6ijszw/u8s+iI3H17cTymlrwkKhDhPZq+Sokl3AU4htyBFTjAeNAlCCmg0f53g6ih3jATyCKftTfw=="],

    "buffer": ["buffer@6.0.3", "", { "dependencies": { "base64-js": "^1.3.1", "ieee754": "^1.2.1" } }, "sha512-FTiCpNxtwiZZHEZbcbTIcZjERVICn9yq/pDFkTl95/AxzD1naBctN7YO68riM/gLSDY7sdrMby8hofADYuuqOA=="],

    "buffer-layout": ["buffer-layout@1.2.2", "", {}, "sha512-kWSuLN694+KTk8SrYvCqwP2WcgQjoRCiF5b4QDvkkz8EmgD+aWAIceGFKMIAdmF/pH+vpgNV3d3kAKorcdAmWA=="],

    "bufferutil": ["bufferutil@4.0.9", "", { "dependencies": { "node-gyp-build": "^4.3.0" } }, "sha512-WDtdLmJvAuNNPzByAYpRo2rF1Mmradw6gvWsQKf63476DDXmomT9zUiGypLcG4ibIM67vhAj8jJRdbmEws2Aqw=="],

    "bun-types": ["bun-types@1.3.4", "", { "dependencies": { "@types/node": "*" } }, "sha512-5ua817+BZPZOlNaRgGBpZJOSAQ9RQ17pkwPD0yR7CfJg+r8DgIILByFifDTa+IPDDxzf5VNhtNlcKqFzDgJvlQ=="],

    "call-bind": ["call-bind@1.0.8", "", { "dependencies": { "call-bind-apply-helpers": "^1.0.0", "es-define-property": "^1.0.0", "get-intrinsic": "^1.2.4", "set-function-length": "^1.2.2" } }, "sha512-oKlSFMcMwpUg2ednkhQ454wfWiU/ul3CkJe/PEHcTKuiX6RpbehUiFMXu13HalGZxfUwCQzZG747YXBn1im9ww=="],

    "call-bind-apply-helpers": ["call-bind-apply-helpers@1.0.2", "", { "dependencies": { "es-errors": "^1.3.0", "function-bind": "^1.1.2" } }, "sha512-Sp1ablJ0ivDkSzjcaJdxEunN5/XvksFJ2sMBFfq6x0ryhQV/2b/KwFe21cMpmHtPOSij8K99/wSfoEuTObmuMQ=="],

    "call-bound": ["call-bound@1.0.4", "", { "dependencies": { "call-bind-apply-helpers": "^1.0.2", "get-intrinsic": "^1.3.0" } }, "sha512-+ys997U96po4Kx/ABpBCqhA9EuxJaQWDQg7295H4hBphv3IZg0boBKuwYpt4YXp6MZ5AmZQnU/tyMTlRpaSejg=="],

    "camelcase": ["camelcase@8.0.0", "", {}, "sha512-8WB3Jcas3swSvjIeA2yvCJ+Miyz5l1ZmB6HFb9R1317dt9LCQoswg/BGrmAmkWVEszSrrg4RwmO46qIm2OEnSA=="],

    "camelcase-keys": ["camelcase-keys@9.1.3", "", { "dependencies": { "camelcase": "^8.0.0", "map-obj": "5.0.0", "quick-lru": "^6.1.1", "type-fest": "^4.3.2" } }, "sha512-Rircqi9ch8AnZscQcsA1C47NFdaO3wukpmIRzYcDOrmvgt78hM/sj5pZhZNec2NM12uk5vTwRHZ4anGcrC4ZTg=="],

    "chalk": ["chalk@5.6.2", "", {}, "sha512-7NzBL0rN6fMUW+f7A6Io4h40qQlG+xGmtMxfbnH/K7TAtt8JQWVQK+6g0UXKMeVJoyV5EkkNsErQ8pVD3bLHbA=="],

    "commander": ["commander@14.0.2", "", {}, "sha512-TywoWNNRbhoD0BXs1P3ZEScW8W5iKrnbithIl0YH+uCmBd0QpPOA8yc82DS3BIE5Ma6FnBVUsJ7wVUDz4dvOWQ=="],

    "define-data-property": ["define-data-property@1.1.4", "", { "dependencies": { "es-define-property": "^1.0.0", "es-errors": "^1.3.0", "gopd": "^1.0.1" } }, "sha512-rBMvIzlpA8v6E+SJZoo++HAYqsLrkg7MSfIinMPFhmkorw7X+dOXVJQs+QT69zGkzMyfDnIMN2Wid1+NbL3T+A=="],

    "delay": ["delay@5.0.0", "", {}, "sha512-ReEBKkIfe4ya47wlPYf/gu5ib6yUG0/Aez0JQZQz94kiWtRQvZIQbTiehsnwHvLSWJnQdhVeqYue7Id1dKr0qw=="],

    "dunder-proto": ["dunder-proto@1.0.1", "", { "dependencies": { "call-bind-apply-helpers": "^1.0.1", "es-errors": "^1.3.0", "gopd": "^1.2.0" } }, "sha512-KIN/nDJBQRcXw0MLVhZE9iQHmG68qAVIBg9CqmUYjmQIhgij9U5MFvrqkUL5FbtyyzZuOeOt0zdeRe4UY7ct+A=="],

    "es-define-property": ["es-define-property@1.0.1", "", {}, "sha512-e3nRfgfUZ4rNGL232gUgX06QNyyez04KdjFrF+LTRoOXmrOgFKDg4BCdsjW8EnT69eqdYGmRpJwiPVYNrCaW3g=="],

    "es-errors": ["es-errors@1.3.0", "", {}, "sha512-Zf5H2Kxt2xjTvbJvP2ZWLEICxA6j+hAmMzIlypy4xcBg1vKVnx89Wy0GbS+kf5cwCVFFzdCFh2XSCFNULS6csw=="],

    "es-object-atoms": ["es-object-atoms@1.1.1", "", { "dependencies": { "es-errors": "^1.3.0" } }, "sha512-FGgH2h8zKNim9ljj7dankFPcICIK9Cp5bm+c2gQSYePhpaG5+esrLODihIorn+Pe6FGJzWhXQotPv73jTaldXA=="],

    "es6-promise": ["es6-promise@4.2.8", "", {}, "sha512-HJDGx5daxeIvxdBxvG2cb9g4tEvwIk3i8+nhX0yGrYmZUzbkdg8QbDevheDB8gd0//uPj4c1EQua8Q+MViT0/w=="],

    "es6-promisify": ["es6-promisify@5.0.0", "", { "dependencies": { "es6-promise": "^4.0.3" } }, "sha512-C+d6UdsYDk0lMebHNR4S2NybQMMngAOnOwYBQjTOiv0MkoJMP0Myw2mgpDLBcpfCmRLxyFqYhS/CfOENq4SJhQ=="],

    "eventemitter3": ["eventemitter3@5.0.1", "", {}, "sha512-GWkBvjiSZK87ELrYOSESUYeVIc9mvLLf/nXalMOS5dYrgZq9o5OVkbZAVM06CVxYsCwH9BDZFPlQTlPA1j4ahA=="],

    "eyes": ["eyes@0.1.8", "", {}, "sha512-GipyPsXO1anza0AOZdy69Im7hGFCNB7Y/NGjDlZGJ3GJJLtwNSb2vrzYrTYJRrRloVx7pl+bhUaTB8yiccPvFQ=="],

    "fast-stable-stringify": ["fast-stable-stringify@1.0.0", "", {}, "sha512-wpYMUmFu5f00Sm0cj2pfivpmawLZ0NKdviQ4w9zJeR8JVtOpOxHmLaJuj0vxvGqMJQWyP/COUkF75/57OKyRag=="],

    "function-bind": ["function-bind@1.1.2", "", {}, "sha512-7XHNxH7qX9xG5mIwxkhumTox/MIRNcOgDrxWsMt2pAr23WHp6MrRlN7FBSFpCpr+oVO0F744iUgR82nJMfG2SA=="],

    "get-intrinsic": ["get-intrinsic@1.3.0", "", { "dependencies": { "call-bind-apply-helpers": "^1.0.2", "es-define-property": "^1.0.1", "es-errors": "^1.3.0", "es-object-atoms": "^1.1.1", "function-bind": "^1.1.2", "get-proto": "^1.0.1", "gopd": "^1.2.0", "has-symbols": "^1.1.0", "hasown": "^2.0.2", "math-intrinsics": "^1.1.0" } }, "sha512-9fSjSaos/fRIVIp+xSJlE6lfwhES7LNtKaCBIamHsjr2na1BiABJPo0mOjjz8GJDURarmCPGqaiVg5mfjb98CQ=="],

    "get-proto": ["get-proto@1.0.1", "", { "dependencies": { "dunder-proto": "^1.0.1", "es-object-atoms": "^1.0.0" } }, "sha512-sTSfBjoXBp89JvIKIefqw7U2CCebsc74kiY6awiGogKtoSGbgjYE/G/+l9sF3MWFPNc9IcoOC4ODfKHfxFmp0g=="],

    "gopd": ["gopd@1.2.0", "", {}, "sha512-ZUKRh6/kUFoAiTAtTYPZJ3hw9wNxx+BIBOijnlG9PnrJsCcSjs1wyyD6vJpaYtgnzDrKYRSqf3OO6Rfa93xsRg=="],

    "has-property-descriptors": ["has-property-descriptors@1.0.2", "", { "dependencies": { "es-define-property": "^1.0.0" } }, "sha512-55JNKuIW+vq4Ke1BjOTjM2YctQIvCT7GFzHwmfZPGo5wnrgkid0YQtnAleFSqumZm4az3n2BS+erby5ipJdgrg=="],

    "has-symbols": ["has-symbols@1.1.0", "", {}, "sha512-1cDNdwJ2Jaohmb3sg4OmKaMBwuC48sYni5HUw2DvsC8LjGTLK9h+eb1X6RyuOHe4hT0ULCW68iomhjUoKUqlPQ=="],

    "hasown": ["hasown@2.0.2", "", { "dependencies": { "function-bind": "^1.1.2" } }, "sha512-0hJU9SCPvmMzIBdZFqNPXWa6dqh7WdH0cII9y+CyS8rG3nL48Bclra9HmKhVVUHyPWNH5Y7xDwAB7bfgSjkUMQ=="],

    "humanize-ms": ["humanize-ms@1.2.1", "", { "dependencies": { "ms": "^2.0.0" } }, "sha512-Fl70vYtsAFb/C06PTS9dZBo7ihau+Tu/DNCk/OyHhea07S+aeMWpFFkUaXRa8fI+ScZbEI8dfSxwY7gxZ9SAVQ=="],

    "ieee754": ["ieee754@1.2.1", "", {}, "sha512-dcyqhDvX1C46lXZcVqCpK+FtMRQVdIMN6/Df5js2zouUsqG7I6sFxitIC+7KYK29KdXOLHdu9zL4sFnoVQnqaA=="],

    "isarray": ["isarray@2.0.5", "", {}, "sha512-xHjhDr3cNBK0BzdUJSPXZntQUx/mwMS5Rw4A7lPJ90XGAO6ISP/ePDNuo0vhqOZU+UD5JoodwCAAoZQd3FeAKw=="],

    "isomorphic-ws": ["isomorphic-ws@4.0.1", "", { "peerDependencies": { "ws": "*" } }, "sha512-BhBvN2MBpWTaSHdWRb/bwdZJ1WaehQ2L1KngkCkfLUGF0mAWAT1sQUQacEmQ0jXkFw/czDXPNQSL5u2/Krsz1w=="],

    "jayson": ["jayson@4.2.0", "", { "dependencies": { "@types/connect": "^3.4.33", "@types/node": "^12.12.54", "@types/ws": "^7.4.4", "commander": "^2.20.3", "delay": "^5.0.0", "es6-promisify": "^5.0.0", "eyes": "^0.1.8", "isomorphic-ws": "^4.0.1", "json-stringify-safe": "^5.0.1", "stream-json": "^1.9.1", "uuid": "^8.3.2", "ws": "^7.5.10" }, "bin": { "jayson": "bin/jayson.js" } }, "sha512-VfJ9t1YLwacIubLhONk0KFeosUBwstRWQ0IRT1KDjEjnVnSOVHC3uwugyV7L0c7R9lpVyrUGT2XWiBA1UTtpyg=="],

    "json-stable-stringify": ["json-stable-stringify@1.3.0", "", { "dependencies": { "call-bind": "^1.0.8", "call-bound": "^1.0.4", "isarray": "^2.0.5", "jsonify": "^0.0.1", "object-keys": "^1.1.1" } }, "sha512-qtYiSSFlwot9XHtF9bD9c7rwKjr+RecWT//ZnPvSmEjpV5mmPOCN4j8UjY5hbjNkOwZ/jQv3J6R1/pL7RwgMsg=="],

    "json-stringify-safe": ["json-stringify-safe@5.0.1", "", {}, "sha512-ZClg6AaYvamvYEE82d3Iyd3vSSIjQ+odgjaTzRuO3s7toCdFKczob2i0zCh7JE8kWn17yvAWhUVxvqGwUalsRA=="],

    "jsonify": ["jsonify@0.0.1", "", {}, "sha512-2/Ki0GcmuqSrgFyelQq9M05y7PS0mEwuIzrf3f1fPqkVDVRvZrPZtVSMHxdgo8Aq0sxAOb/cr2aqqA3LeWHVPg=="],

    "map-obj": ["map-obj@5.0.0", "", {}, "sha512-2L3MIgJynYrZ3TYMriLDLWocz15okFakV6J12HXvMXDHui2x/zgChzg1u9mFFGbbGWE+GsLpQByt4POb9Or+uA=="],

    "math-intrinsics": ["math-intrinsics@1.1.0", "", {}, "sha512-/IXtbwEk5HTPyEwyKX6hGkYXxM9nbj64B+ilVJnC/R6B0pH5G4V3b0pVbL7DBj4tkhBAppbQUlf6F6Xl9LHu1g=="],

    "ms": ["ms@2.1.3", "", {}, "sha512-6FlzubTLZG3J2a/NVCAleEhjzq5oxgHyaCU9yYXvcLsvoVaHJq/s5xXI6/XXP6tz7R9xAOtHnSO/tXtF3WRTlA=="],

    "node-fetch": ["node-fetch@2.7.0", "", { "dependencies": { "whatwg-url": "^5.0.0" }, "peerDependencies": { "encoding": "^0.1.0" }, "optionalPeers": ["encoding"] }, "sha512-c4FRfUm/dbcWZ7U+1Wq0AwCyFL+3nt2bEw05wfxSz+DWpWsitgmSgYmy2dQdWyKC1694ELPqMs/YzUSNozLt8A=="],

    "node-gyp-build": ["node-gyp-build@4.8.4", "", { "bin": { "node-gyp-build": "bin.js", "node-gyp-build-optional": "optional.js", "node-gyp-build-test": "build-test.js" } }, "sha512-LA4ZjwlnUblHVgq0oBF3Jl/6h/Nvs5fzBLwdEF4nuxnFdsfajde4WfxtJr3CaiH+F6ewcIB/q4jQ4UzPyid+CQ=="],

    "object-keys": ["object-keys@1.1.1", "", {}, "sha512-NuAESUOUMrlIXOfHKzD6bpPu3tYt3xvjNdRIQ+FeT0lNb4K8WR70CaDxhuNguS2XG+GjkyMwOzsN5ZktImfhLA=="],

    "picocolors": ["picocolors@1.1.1", "", {}, "sha512-xceH2snhtb5M9liqDsmEw56le376mTZkEX/jEb/RxNFyegNul7eNslCXP9FDj/Lcu0X8KEyMceP2ntpaHrDEVA=="],

    "prettier": ["prettier@3.7.4", "", { "bin": { "prettier": "bin/prettier.cjs" } }, "sha512-v6UNi1+3hSlVvv8fSaoUbggEM5VErKmmpGA7Pl3HF8V6uKY7rvClBOJlH6yNwQtfTueNkGVpOv/mtWL9L4bgRA=="],

    "quick-lru": ["quick-lru@6.1.2", "", {}, "sha512-AAFUA5O1d83pIHEhJwWCq/RQcRukCkn/NSm2QsTEMle5f2hP0ChI2+3Xb051PZCkLryI/Ir1MVKviT2FIloaTQ=="],

    "rpc-websockets": ["rpc-websockets@9.3.2", "", { "dependencies": { "@swc/helpers": "^0.5.11", "@types/uuid": "^8.3.4", "@types/ws": "^8.2.2", "buffer": "^6.0.3", "eventemitter3": "^5.0.1", "uuid": "^8.3.2", "ws": "^8.5.0" }, "optionalDependencies": { "bufferutil": "^4.0.1", "utf-8-validate": "^5.0.2" } }, "sha512-VuW2xJDnl1k8n8kjbdRSWawPRkwaVqUQNjE1TdeTawf0y0abGhtVJFTXCLfgpgGDBkO/Fj6kny8Dc/nvOW78MA=="],

    "safe-buffer": ["safe-buffer@5.2.1", "", {}, "sha512-rp3So07KcdmmKbGvgaNxQSJr7bGVSVk5S9Eq1F+ppbRo70+YeaDxkw5Dd8NPN+GD6bjnYm2VuPuCXmpuYvmCXQ=="],

    "semver": ["semver@7.7.3", "", { "bin": { "semver": "bin/semver.js" } }, "sha512-SdsKMrI9TdgjdweUSR9MweHA4EJ8YxHn8DFaDisvhVlUOe4BF1tLD7GAj0lIqWVl+dPb/rExr0Btby5loQm20Q=="],

    "set-function-length": ["set-function-length@1.2.2", "", { "dependencies": { "define-data-property": "^1.1.4", "es-errors": "^1.3.0", "function-bind": "^1.1.2", "get-intrinsic": "^1.2.4", "gopd": "^1.0.1", "has-property-descriptors": "^1.0.2" } }, "sha512-pgRc4hJ4/sNjWCSS9AmnS40x3bNMDTknHgL5UaMBTMyJnU90EgWh1Rz+MC9eFu4BuN/UwZjKQuY/1v3rM7HMfg=="],

    "stream-chain": ["stream-chain@2.2.5", "", {}, "sha512-1TJmBx6aSWqZ4tx7aTpBDXK0/e2hhcNSTV8+CbFJtDjbb+I1mZ8lHit0Grw9GRT+6JbIrrDd8esncgBi8aBXGA=="],

    "stream-json": ["stream-json@1.9.1", "", { "dependencies": { "stream-chain": "^2.2.5" } }, "sha512-uWkjJ+2Nt/LO9Z/JyKZbMusL8Dkh97uUBTv3AJQ74y07lVahLY4eEFsPsE97pxYBwr8nnjMAIch5eqI0gPShyw=="],

    "superstruct": ["superstruct@2.0.2", "", {}, "sha512-uV+TFRZdXsqXTL2pRvujROjdZQ4RAlBUS5BTh9IGm+jTqQntYThciG/qu57Gs69yjnVUSqdxF9YLmSnpupBW9A=="],

    "text-encoding-utf-8": ["text-encoding-utf-8@1.0.2", "", {}, "sha512-8bw4MY9WjdsD2aMtO0OzOCY3pXGYNx2d2FfHRVUKkiCPDWjKuOlhLVASS+pD7VkLTVjW268LYJHwsnPFlBpbAg=="],

    "tr46": ["tr46@0.0.3", "", {}, "sha512-N3WMsuqV66lT30CrXNbEjx4GEwlow3v6rr4mCcv6prnfwhS01rkgyFdjPNBYd9br7LpXV1+Emh01fHnq2Gdgrw=="],

    "tslib": ["tslib@2.8.1", "", {}, "sha512-oJFu94HQb+KVduSUQL7wnpmqnfmLsOA/nAh6b6EH0wCEoK0/mPeXU6c3wKDV83MkOuHPRHtSXKKU99IBazS/2w=="],

    "type-fest": ["type-fest@4.41.0", "", {}, "sha512-TeTSQ6H5YHvpqVwBRcnLDCBnDOHWYu7IvGbHT6N8AOymcr9PJGjc1GTtiWZTYg0NCgYwvnYWEkVChQAr9bjfwA=="],

    "typescript": ["typescript@5.9.3", "", { "bin": { "tsc": "bin/tsc", "tsserver": "bin/tsserver" } }, "sha512-jl1vZzPDinLr9eUt3J/t7V6FgNEw9QjvBPdysz9KfQDD41fQrC2Y4vKQdiaUpFT4bXlb1RHhLpp8wtm6M5TgSw=="],

    "undici-types": ["undici-types@7.16.0", "", {}, "sha512-Zz+aZWSj8LE6zoxD+xrjh4VfkIG8Ya6LvYkZqtUQGJPZjYl53ypCaUwWqo7eI0x66KBGeRo+mlBEkMSeSZ38Nw=="],

    "utf-8-validate": ["utf-8-validate@5.0.10", "", { "dependencies": { "node-gyp-build": "^4.3.0" } }, "sha512-Z6czzLq4u8fPOyx7TU6X3dvUZVvoJmxSQ+IcrlmagKhilxlhZgxPK6C5Jqbkw1IDUmFTM+cz9QDnnLTwDz/2gQ=="],

    "uuid": ["uuid@8.3.2", "", { "bin": { "uuid": "dist/bin/uuid" } }, "sha512-+NYs2QeMWy+GWFOEm9xnn6HCDp0l7QBD7ml8zLUmJ+93Q5NF0NocErnwkTkXVFNiX3/fpC6afS8Dhb/gz7R7eg=="],

    "webidl-conversions": ["webidl-conversions@3.0.1", "", {}, "sha512-2JAn3z8AR6rjK8Sm8orRC0h/bcl/DqL7tRPdGZ4I1CjdF+EaMLmYxBHyXuKL849eucPFhvBoxMsflfOb8kxaeQ=="],

    "whatwg-url": ["whatwg-url@5.0.0", "", { "dependencies": { "tr46": "~0.0.3", "webidl-conversions": "^3.0.0" } }, "sha512-saE57nupxk6v3HY35+jzBwYa0rKSy0XR8JSxZPwgLr7ys0IBzhGviA1/TUGJLmSVqs8pb9AnvICXEuOHLprYTw=="],

    "ws": ["ws@7.5.10", "", { "peerDependencies": { "bufferutil": "^4.0.1", "utf-8-validate": "^5.0.2" }, "optionalPeers": ["bufferutil", "utf-8-validate"] }, "sha512-+dbF1tHwZpXcbOJdVOkzLDxZP1ailvSxM6ZweXTegylPny803bFhA+vqBYw4s31NSAk4S2Qz+AKXK9a4wkdjcQ=="],

    "@lightprotocol/stateless.js/@noble/hashes": ["@noble/hashes@1.5.0", "", {}, "sha512-1j6kQFb7QRru7eKN3ZDvRcP13rugwdxZqCjbiAVZfIJwgj2A65UmT4TgARXGlXgnRkORLTDTrO19ZErt7+QXgA=="],

    "@solana/codecs/@solana/codecs-numbers": ["@solana/codecs-numbers@5.1.0", "", { "dependencies": { "@solana/codecs-core": "5.1.0", "@solana/errors": "5.1.0" }, "peerDependencies": { "typescript": ">=5.3.3" } }, "sha512-Ea5/9yjDNOrDZcI40UGzzi6Aq1JNsmzM4m5pOk6Xb3JRZ0YdKOv/MwuCqb6jRgzZ7SQjHhkfGL43kHLJA++bOw=="],

    "@solana/codecs-data-structures/@solana/codecs-numbers": ["@solana/codecs-numbers@5.1.0", "", { "dependencies": { "@solana/codecs-core": "5.1.0", "@solana/errors": "5.1.0" }, "peerDependencies": { "typescript": ">=5.3.3" } }, "sha512-Ea5/9yjDNOrDZcI40UGzzi6Aq1JNsmzM4m5pOk6Xb3JRZ0YdKOv/MwuCqb6jRgzZ7SQjHhkfGL43kHLJA++bOw=="],

    "@solana/codecs-numbers/@solana/codecs-core": ["@solana/codecs-core@2.3.0", "", { "dependencies": { "@solana/errors": "2.3.0" }, "peerDependencies": { "typescript": ">=5.3.3" } }, "sha512-oG+VZzN6YhBHIoSKgS5ESM9VIGzhWjEHEGNPSibiDTxFhsFWxNaz8LbMDPjBUE69r9wmdGLkrQ+wVPbnJcZPvw=="],

    "@solana/codecs-numbers/@solana/errors": ["@solana/errors@2.3.0", "", { "dependencies": { "chalk": "^5.4.1", "commander": "^14.0.0" }, "peerDependencies": { "typescript": ">=5.3.3" }, "bin": { "errors": "bin/cli.mjs" } }, "sha512-66RI9MAbwYV0UtP7kGcTBVLxJgUxoZGm8Fbc0ah+lGiAw17Gugco6+9GrJCV83VyF2mDWyYnYM9qdI3yjgpnaQ=="],

    "@solana/codecs-strings/@solana/codecs-numbers": ["@solana/codecs-numbers@5.1.0", "", { "dependencies": { "@solana/codecs-core": "5.1.0", "@solana/errors": "5.1.0" }, "peerDependencies": { "typescript": ">=5.3.3" } }, "sha512-Ea5/9yjDNOrDZcI40UGzzi6Aq1JNsmzM4m5pOk6Xb3JRZ0YdKOv/MwuCqb6jRgzZ7SQjHhkfGL43kHLJA++bOw=="],

    "@solana/offchain-messages/@solana/codecs-numbers": ["@solana/codecs-numbers@5.1.0", "", { "dependencies": { "@solana/codecs-core": "5.1.0", "@solana/errors": "5.1.0" }, "peerDependencies": { "typescript": ">=5.3.3" } }, "sha512-Ea5/9yjDNOrDZcI40UGzzi6Aq1JNsmzM4m5pOk6Xb3JRZ0YdKOv/MwuCqb6jRgzZ7SQjHhkfGL43kHLJA++bOw=="],

    "@solana/options/@solana/codecs-numbers": ["@solana/codecs-numbers@5.1.0", "", { "dependencies": { "@solana/codecs-core": "5.1.0", "@solana/errors": "5.1.0" }, "peerDependencies": { "typescript": ">=5.3.3" } }, "sha512-Ea5/9yjDNOrDZcI40UGzzi6Aq1JNsmzM4m5pOk6Xb3JRZ0YdKOv/MwuCqb6jRgzZ7SQjHhkfGL43kHLJA++bOw=="],

    "@solana/rpc-types/@solana/codecs-numbers": ["@solana/codecs-numbers@5.1.0", "", { "dependencies": { "@solana/codecs-core": "5.1.0", "@solana/errors": "5.1.0" }, "peerDependencies": { "typescript": ">=5.3.3" } }, "sha512-Ea5/9yjDNOrDZcI40UGzzi6Aq1JNsmzM4m5pOk6Xb3JRZ0YdKOv/MwuCqb6jRgzZ7SQjHhkfGL43kHLJA++bOw=="],

    "@solana/transaction-messages/@solana/codecs-numbers": ["@solana/codecs-numbers@5.1.0", "", { "dependencies": { "@solana/codecs-core": "5.1.0", "@solana/errors": "5.1.0" }, "peerDependencies": { "typescript": ">=5.3.3" } }, "sha512-Ea5/9yjDNOrDZcI40UGzzi6Aq1JNsmzM4m5pOk6Xb3JRZ0YdKOv/MwuCqb6jRgzZ7SQjHhkfGL43kHLJA++bOw=="],

    "@solana/transactions/@solana/codecs-numbers": ["@solana/codecs-numbers@5.1.0", "", { "dependencies": { "@solana/codecs-core": "5.1.0", "@solana/errors": "5.1.0" }, "peerDependencies": { "typescript": ">=5.3.3" } }, "sha512-Ea5/9yjDNOrDZcI40UGzzi6Aq1JNsmzM4m5pOk6Xb3JRZ0YdKOv/MwuCqb6jRgzZ7SQjHhkfGL43kHLJA++bOw=="],

    "@solana/web3.js/@noble/curves": ["@noble/curves@1.9.7", "", { "dependencies": { "@noble/hashes": "1.8.0" } }, "sha512-gbKGcRUYIjA3/zCCNaWDciTMFI0dCkvou3TL8Zmy5Nc7sJ47a0jtOeZoTaMxkuqRo9cRhjOdZJXegxYE5FN/xw=="],

    "@solana/web3.js/@noble/hashes": ["@noble/hashes@1.5.0", "", {}, "sha512-1j6kQFb7QRru7eKN3ZDvRcP13rugwdxZqCjbiAVZfIJwgj2A65UmT4TgARXGlXgnRkORLTDTrO19ZErt7+QXgA=="],

    "@solana/web3.js/bs58": ["bs58@4.0.1", "", { "dependencies": { "base-x": "^3.0.2" } }, "sha512-Ok3Wdf5vOIlBrgCvTq96gBkJw+JUEzdBgyaza5HLtPm7yTHkjRy8+JzNyHF7BHa0bNWOQIp3m5YF0nnFcOIKLw=="],

    "borsh/bs58": ["bs58@4.0.1", "", { "dependencies": { "base-x": "^3.0.2" } }, "sha512-Ok3Wdf5vOIlBrgCvTq96gBkJw+JUEzdBgyaza5HLtPm7yTHkjRy8+JzNyHF7BHa0bNWOQIp3m5YF0nnFcOIKLw=="],

    "jayson/@types/node": ["@types/node@12.20.55", "", {}, "sha512-J8xLz7q2OFulZ2cyGTLE1TbbZcjpno7FaN6zdJNrgAdrJ+DZzh/uFR6YrTb4C+nXakvud8Q4+rbhoIWlYQbUFQ=="],

    "jayson/commander": ["commander@2.20.3", "", {}, "sha512-GpVkmM8vF2vQUkj2LvZmD35JxeJOLCwJ9cUkugyk2nuhbv3+mJvpLYYt+0+USMxE+oj+ey/lJEnhZw75x/OMcQ=="],

    "rpc-websockets/@types/ws": ["@types/ws@8.18.1", "", { "dependencies": { "@types/node": "*" } }, "sha512-ThVF6DCVhA8kUGy+aazFQ4kXQ7E1Ty7A3ypFOe0IcJV8O/M511G99AW24irKrW56Wt44yG9+ij8FaqoBGkuBXg=="],

    "rpc-websockets/ws": ["ws@8.18.3", "", { "peerDependencies": { "bufferutil": "^4.0.1", "utf-8-validate": ">=5.0.2" }, "optionalPeers": ["bufferutil", "utf-8-validate"] }, "sha512-PEIGCY5tSlUt50cqyMXfCzX+oOPqN0vuGqWzbcJ2xvnkzkq46oOpz7dQaTDBdfICb4N14+GARUDw2XV2N4tvzg=="],

    "@solana/web3.js/@noble/curves/@noble/hashes": ["@noble/hashes@1.8.0", "", {}, "sha512-jCs9ldd7NwzpgXDIf6P3+NrHh9/sD6CQdxHyjQI+h/6rDNo88ypBxxz45UDuZHz9r3tNz7N/VInSVoVdtXEI4A=="],

    "@solana/web3.js/bs58/base-x": ["base-x@3.0.11", "", { "dependencies": { "safe-buffer": "^5.0.1" } }, "sha512-xz7wQ8xDhdyP7tQxwdteLYeFfS68tSMNCZ/Y37WJ4bhGfKPpqEIlmIyueQHqOyoPhE6xNUqjzRr8ra0eF9VRvA=="],

    "borsh/bs58/base-x": ["base-x@3.0.11", "", { "dependencies": { "safe-buffer": "^5.0.1" } }, "sha512-xz7wQ8xDhdyP7tQxwdteLYeFfS68tSMNCZ/Y37WJ4bhGfKPpqEIlmIyueQHqOyoPhE6xNUqjzRr8ra0eF9VRvA=="],
  }
}
